
Microsoft Visual Studio Solution File, Format Version 12.00
# Visual Studio Version 17
VisualStudioVersion = 17.0.31903.59
MinimumVisualStudioVersion = 10.0.40219.1
Project("{2150E333-8FDC-42A3-9474-1A3956D46DE8}") = "src", "src", "{827E0CD3-B72D-47B6-A68D-7590B98EB39B}"
EndProject
Project("{FAE04EC0-301F-11D3-BF4B-00C04F79EFBC}") = "GumBridge.Application", "src\GumBridge.Application\GumBridge.Application.csproj", "{2BDE2223-5341-4A46-B86C-0157AE9134A0}"
EndProject
Project("{FAE04EC0-301F-11D3-BF4B-00C04F79EFBC}") = "GumBridge.Contracts", "src\GumBridge.Contracts\GumBridge.Contracts.csproj", "{168F9D03-193A-4887-8CCA-85CF222E3185}"
EndProject
Project("{FAE04EC0-301F-11D3-BF4B-00C04F79EFBC}") = "GumBridge.Conversion", "src\GumBridge.Conversion\GumBridge.Conversion.csproj", "{255F9BEA-9FAD-4503-A273-5AF41F9DF8E8}"
EndProject
Project("{FAE04EC0-301F-11D3-BF4B-00C04F79EFBC}") = "GumBridge.Host", "src\GumBridge.Host\GumBridge.Host.csproj", "{13803CBB-CC39-491F-B319-247FFBE78CDE}"
EndProject
Project("{FAE04EC0-301F-11D3-BF4B-00C04F79EFBC}") = "GumBridge.Infrastructure", "src\GumBridge.Infrastructure\GumBridge.Infrastructure.csproj", "{CA135019-FF06-4E64-9586-E6174CB7990F}"
EndProject
Global
	GlobalSection(SolutionConfigurationPlatforms) = preSolution
		Debug|Any CPU = Debug|Any CPU
		Debug|x64 = Debug|x64
		Debug|x86 = Debug|x86
		Release|Any CPU = Release|Any CPU
		Release|x64 = Release|x64
		Release|x86 = Release|x86
	EndGlobalSection
	GlobalSection(ProjectConfigurationPlatforms) = postSolution
		{2BDE2223-5341-4A46-B86C-0157AE9134A0}.Debug|Any CPU.ActiveCfg = Debug|Any CPU
		{2BDE2223-5341-4A46-B86C-0157AE9134A0}.Debug|Any CPU.Build.0 = Debug|Any CPU
		{2BDE2223-5341-4A46-B86C-0157AE9134A0}.Debug|x64.ActiveCfg = Debug|Any CPU
		{2BDE2223-5341-4A46-B86C-0157AE9134A0}.Debug|x64.Build.0 = Debug|Any CPU
		{2BDE2223-5341-4A46-B86C-0157AE9134A0}.Debug|x86.ActiveCfg = Debug|Any CPU
		{2BDE2223-5341-4A46-B86C-0157AE9134A0}.Debug|x86.Build.0 = Debug|Any CPU
		{2BDE2223-5341-4A46-B86C-0157AE9134A0}.Release|Any CPU.ActiveCfg = Release|Any CPU
		{2BDE2223-5341-4A46-B86C-0157AE9134A0}.Release|Any CPU.Build.0 = Release|Any CPU
		{2BDE2223-5341-4A46-B86C-0157AE9134A0}.Release|x64.ActiveCfg = Release|Any CPU
		{2BDE2223-5341-4A46-B86C-0157AE9134A0}.Release|x64.Build.0 = Release|Any CPU
		{2BDE2223-5341-4A46-B86C-0157AE9134A0}.Release|x86.ActiveCfg = Release|Any CPU
		{2BDE2223-5341-4A46-B86C-0157AE9134A0}.Release|x86.Build.0 = Release|Any CPU
		{168F9D03-193A-4887-8CCA-85CF222E3185}.Debug|Any CPU.ActiveCfg = Debug|Any CPU
		{168F9D03-193A-4887-8CCA-85CF222E3185}.Debug|Any CPU.Build.0 = Debug|Any CPU
		{168F9D03-193A-4887-8CCA-85CF222E3185}.Debug|x64.ActiveCfg = Debug|Any CPU
		{168F9D03-193A-4887-8CCA-85CF222E3185}.Debug|x64.Build.0 = Debug|Any CPU
		{168F9D03-193A-4887-8CCA-85CF222E3185}.Debug|x86.ActiveCfg = Debug|Any CPU
		{168F9D03-193A-4887-8CCA-85CF222E3185}.Debug|x86.Build.0 = Debug|Any CPU
		{168F9D03-193A-4887-8CCA-85CF222E3185}.Release|Any CPU.ActiveCfg = Release|Any CPU
		{168F9D03-193A-4887-8CCA-85CF222E3185}.Release|Any CPU.Build.0 = Release|Any CPU
		{168F9D03-193A-4887-8CCA-85CF222E3185}.Release|x64.ActiveCfg = Release|Any CPU
		{168F9D03-193A-4887-8CCA-85CF222E3185}.Release|x64.Build.0 = Release|Any CPU
		{168F9D03-193A-4887-8CCA-85CF222E3185}.Release|x86.ActiveCfg = Release|Any CPU
		{168F9D03-193A-4887-8CCA-85CF222E3185}.Release|x86.Build.0 = Release|Any CPU
		{255F9BEA-9FAD-4503-A273-5AF41F9DF8E8}.Debug|Any CPU.ActiveCfg = Debug|Any CPU
		{255F9BEA-9FAD-4503-A273-5AF41F9DF8E8}.Debug|Any CPU.Build.0 = Debug|Any CPU
		{255F9BEA-9FAD-4503-A273-5AF41F9DF8E8}.Debug|x64.ActiveCfg = Debug|Any CPU
		{255F9BEA-9FAD-4503-A273-5AF41F9DF8E8}.Debug|x64.Build.0 = Debug|Any CPU
		{255F9BEA-9FAD-4503-A273-5AF41F9DF8E8}.Debug|x86.ActiveCfg = Debug|Any CPU
		{255F9BEA-9FAD-4503-A273-5AF41F9DF8E8}.Debug|x86.Build.0 = Debug|Any CPU
		{255F9BEA-9FAD-4503-A273-5AF41F9DF8E8}.Release|Any CPU.ActiveCfg = Release|Any CPU
		{255F9BEA-9FAD-4503-A273-5AF41F9DF8E8}.Release|Any CPU.Build.0 = Release|Any CPU
		{255F9BEA-9FAD-4503-A273-5AF41F9DF8E8}.Release|x64.ActiveCfg = Release|Any CPU
		{255F9BEA-9FAD-4503-A273-5AF41F9DF8E8}.Release|x64.Build.0 = Release|Any CPU
		{255F9BEA-9FAD-4503-A273-5AF41F9DF8E8}.Release|x86.ActiveCfg = Release|Any CPU
		{255F9BEA-9FAD-4503-A273-5AF41F9DF8E8}.Release|x86.Build.0 = Release|Any CPU
		{13803CBB-CC39-491F-B319-247FFBE78CDE}.Debug|Any CPU.ActiveCfg = Debug|Any CPU
		{13803CBB-CC39-491F-B319-247FFBE78CDE}.Debug|Any CPU.Build.0 = Debug|Any CPU
		{13803CBB-CC39-491F-B319-247FFBE78CDE}.Debug|x64.ActiveCfg = Debug|Any CPU
		{13803CBB-CC39-491F-B319-247FFBE78CDE}.Debug|x64.Build.0 = Debug|Any CPU
		{13803CBB-CC39-491F-B319-247FFBE78CDE}.Debug|x86.ActiveCfg = Debug|Any CPU
		{13803CBB-CC39-491F-B319-247FFBE78CDE}.Debug|x86.Build.0 = Debug|Any CPU
		{13803CBB-CC39-491F-B319-247FFBE78CDE}.Release|Any CPU.ActiveCfg = Release|Any CPU
		{13803CBB-CC39-491F-B319-247FFBE78CDE}.Release|Any CPU.Build.0 = Release|Any CPU
		{13803CBB-CC39-491F-B319-247FFBE78CDE}.Release|x64.ActiveCfg = Release|Any CPU
		{13803CBB-CC39-491F-B319-247FFBE78CDE}.Release|x64.Build.0 = Release|Any CPU
		{13803CBB-CC39-491F-B319-247FFBE78CDE}.Release|x86.ActiveCfg = Release|Any CPU
		{13803CBB-CC39-491F-B319-247FFBE78CDE}.Release|x86.Build.0 = Release|Any CPU
		{CA135019-FF06-4E64-9586-E6174CB7990F}.Debug|Any CPU.ActiveCfg = Debug|Any CPU
		{CA135019-FF06-4E64-9586-E6174CB7990F}.Debug|Any CPU.Build.0 = Debug|Any CPU
		{CA135019-FF06-4E64-9586-E6174CB7990F}.Debug|x64.ActiveCfg = Debug|Any CPU
		{CA135019-FF06-4E64-9586-E6174CB7990F}.Debug|x64.Build.0 = Debug|Any CPU
		{CA135019-FF06-4E64-9586-E6174CB7990F}.Debug|x86.ActiveCfg = Debug|Any CPU
		{CA135019-FF06-4E64-9586-E6174CB7990F}.Debug|x86.Build.0 = Debug|Any CPU
		{CA135019-FF06-4E64-9586-E6174CB7990F}.Release|Any CPU.ActiveCfg = Release|Any CPU
		{CA135019-FF06-4E64-9586-E6174CB7990F}.Release|Any CPU.Build.0 = Release|Any CPU
		{CA135019-FF06-4E64-9586-E6174CB7990F}.Release|x64.ActiveCfg = Release|Any CPU
		{CA135019-FF06-4E64-9586-E6174CB7990F}.Release|x64.Build.0 = Release|Any CPU
		{CA135019-FF06-4E64-9586-E6174CB7990F}.Release|x86.ActiveCfg = Release|Any CPU
		{CA135019-FF06-4E64-9586-E6174CB7990F}.Release|x86.Build.0 = Release|Any CPU
	EndGlobalSection
	GlobalSection(SolutionProperties) = preSolution
		HideSolutionNode = FALSE
	EndGlobalSection
	GlobalSection(NestedProjects) = preSolution
		{2BDE2223-5341-4A46-B86C-0157AE9134A0} = {827E0CD3-B72D-47B6-A68D-7590B98EB39B}
		{168F9D03-193A-4887-8CCA-85CF222E3185} = {827E0CD3-B72D-47B6-A68D-7590B98EB39B}
		{255F9BEA-9FAD-4503-A273-5AF41F9DF8E8} = {827E0CD3-B72D-47B6-A68D-7590B98EB39B}
		{13803CBB-CC39-491F-B319-247FFBE78CDE} = {827E0CD3-B72D-47B6-A68D-7590B98EB39B}
		{CA135019-FF06-4E64-9586-E6174CB7990F} = {827E0CD3-B72D-47B6-A68D-7590B98EB39B}
	EndGlobalSection
EndGlobal
