{
  "version": 1,
  "dependencies": {
    "net10.0": {
      "FlatRedBall2.MonoGame": {
        "type": "Direct",
        "requested": "[0.6.2-preview.1, )",
        "resolved": "0.6.2-preview.1",
        "contentHash": "yDa1HntScE1+JbfarXd6pXcHwAk0Kh/8I/u4L8zueM/LJMNxMreLzbQZ5LNnYnAJj/DlA6KOje5c1jhk9NnRQg==",
        "dependencies": {
          "Apos.Shapes": "0.8.1",
          "AsepriteDotNet": "1.9.1",
          "FlatRedBall.AnimationChain.Common": "0.6.2-preview.1",
          "FlatRedBall.InterpolationCore": "2025.4.22.1",
          "Gum.MonoGame": "2026.9.3.2-preview.1",
          "Gum.Shapes.MonoGame": "2026.9.3.2-preview.1",
          "KernSmith.MonoGameGum": "2026.9.3.2-preview.1",
          "MonoGame.Extended": "6.0.0",
          "NVorbis": "0.10.5"
        }
      },
      "Gum.MonoGame": {
        "type": "Direct",
        "requested": "[2026.9.3.2-preview.1, )",
        "resolved": "2026.9.3.2-preview.1",
        "contentHash": "w6UMDJnyoOVRT6ybjZ6SpdGTblP4UuzcG43GzWnGnqljbCLV22QHJzvP+vcGBcnxC5DiuBkfhZ3SA4khrgPmGw==",
        "dependencies": {
          "FlatRedBall.GumCommon": "2026.9.3.2-preview.1",
          "TextCopy": "6.2.1"
        }
      },
      "MonoGame.Framework.DesktopGL": {
        "type": "Direct",
        "requested": "[3.8.5.1, )",
        "resolved": "3.8.5.1",
        "contentHash": "za6tOSYT2xpks932wU/WcpPu2xkUyKwn251gkRuiJ/3XPZBdwds7RPXRhtcrZGnZ2jtjtwh4upRLd+EGrrWtFw==",
        "dependencies": {
          "MonoGame.Library.OpenAL": "1.24.3.4",
          "MonoGame.Library.SDL": "2.32.10.2",
          "NVorbis": "0.10.4"
        }
      },
      "Apos.Shapes": {
        "type": "Transitive",
        "resolved": "0.8.1",
        "contentHash": "F8rc8K91oUnL6DpZLb/RImPVXNMBQYx7dFlEYLZNcdwNNNRynOOHqW/miqNXe2lsKGPUJj2EtObbDdHU3N/tzQ==",
        "dependencies": {
          "MonoGame.Extended": "5.3.1",
          "StbTrueTypeSharp": "1.26.12"
        }
      },
      "AsepriteDotNet": {
        "type": "Transitive",
        "resolved": "1.9.1",
        "contentHash": "mMOFPCM/W1xRiTOfVGw10b4OsfohbS5uEPioyIfgm++1TKXdvWuhTJqiOftZ6PzpIzRm7zNBSH/icsLwFylKpg=="
      },
      "BrotliSharpLib": {
        "type": "Transitive",
        "resolved": "0.3.3",
        "contentHash": "/z74VNg6etlQK/N1mSD5Tz2qQUZqc3RMiuv2F8Q/MOfvg4l7a6lDYhQQTPd9s9saSokh1GqUD7JTuunOiQid8w=="
      },
      "CsvHelper": {
        "type": "Transitive",
        "resolved": "33.1.0",
        "contentHash": "kqfTOZGrn7NarNeXgjh86JcpTHUoeQDMB8t9NVa/ZtlSYiV1rxfRnQ49WaJsob4AiGrbK0XDzpyKkBwai4F8eg=="
      },
      "FlatRedBall.AnimationChain.Common": {
        "type": "Transitive",
        "resolved": "0.6.2-preview.1",
        "contentHash": "OOrh1/8W2MSwI0xVhiKHrOK+ds1wUkxtxo17OxySQAGOBRF0pVmB11DWbhgbGTNNlbkokf6ULx+V6bH4xtPXUA=="
      },
      "FlatRedBall.GumCommon": {
        "type": "Transitive",
        "resolved": "2026.9.3.2-preview.1",
        "contentHash": "0Go4MpMntpwNlR9gVHRK4DrfIFzwXNUx57Zel6fA1AJusRrRQ2d0vrzcIu/dOPugS3PM33gcooL9Xu1FNzeLkQ==",
        "dependencies": {
          "BrotliSharpLib": "0.3.3",
          "CsvHelper": "33.1.0",
          "FlatRedBall.InterpolationCore": "2025.4.22.1",
          "SharpCompress": "0.48.0"
        }
      },
      "FlatRedBall.InterpolationCore": {
        "type": "Transitive",
        "resolved": "2025.4.22.1",
        "contentHash": "x95teSPBlV88KKbivY+peQ8AjqfXFgmGFnHw4Adds8UaO81zJKZAZZrXeetp5K+5mgd4t2hdtW4ItBFJ7ZwWig==",
        "dependencies": {
          "System.Data.DataSetExtensions": "4.5.0"
        }
      },
      "FreeTypeSharp": {
        "type": "Transitive",
        "resolved": "3.1.0",
        "contentHash": "w0pPUztBFVokuvML8G55SM1HeycyzQQqC/NV3rWdyGOPi/rtVm1vE6UAQ7v4VYzVWoP59KM8O56qH89zJY5T+g=="
      },
      "Gum.Shapes.MonoGame": {
        "type": "Transitive",
        "resolved": "2026.9.3.2-preview.1",
        "contentHash": "QfStIcxX17kWG82arEer9Zku9w55DvRjH5ViS+jq/zO4jOdDLvWSqSaGY5jUM/V9GLDMbJ1bsb027PFJiPUkrA==",
        "dependencies": {
          "Apos.Shapes": "0.8.1",
          "Gum.MonoGame": "2026.9.3.2-preview.1"
        }
      },
      "KernSmith": {
        "type": "Transitive",
        "resolved": "0.21.0",
        "contentHash": "LvKHG9KaBXUC5DVqAiKlTPs7Wp+tXnMTuwYUdCDKqauu5OcBsPpHQLYrKX1UuC8GjYGADCjRbkwlmpBDCie2ng==",
        "dependencies": {
          "StbImageSharp": "2.30.15",
          "StbImageWriteSharp": "1.16.7"
        }
      },
      "KernSmith.GumCommon": {
        "type": "Transitive",
        "resolved": "2026.9.3.2-preview.1",
        "contentHash": "cgequU5pkoMGoeAQTHj6/bfSdL/iQB/Ix5sgOYI3+oRQAqQckY8m5DpXEiafumyN3OXKfKvjnFcfuo8dBeTNBw==",
        "dependencies": {
          "FlatRedBall.GumCommon": "2026.9.3.2-preview.1",
          "KernSmith": "0.21.0",
          "KernSmith.Rasterizers.FreeType": "0.21.0"
        }
      },
      "KernSmith.MonoGameGum": {
        "type": "Transitive",
        "resolved": "2026.9.3.2-preview.1",
        "contentHash": "b+OJdBgQ5p5qfCRhOxtU/V6oRYnBIkELNrB7wXLspD4ccEyJVqPRILKCMS4+Qq1cMJ9CiRBzngsHnRP9KxP2/w==",
        "dependencies": {
          "Gum.MonoGame": "2026.9.3.2-preview.1",
          "KernSmith.GumCommon": "2026.9.3.2-preview.1",
          "MonoGame.Framework.DesktopGL": "3.8.4.1"
        }
      },
      "KernSmith.Rasterizers.FreeType": {
        "type": "Transitive",
        "resolved": "0.21.0",
        "contentHash": "5O7p21LhHxrOwBXsYhaZfRHEfb4Eg0Jn24a3zj1ryCQPzkQ2ix7h+7zvibftJKXgC3xdPjyJ+57weeOalrxAEQ==",
        "dependencies": {
          "FreeTypeSharp": "3.1.0",
          "KernSmith": "0.21.0"
        }
      },
      "Microsoft.Extensions.DependencyInjection.Abstractions": {
        "type": "Transitive",
        "resolved": "7.0.0",
        "contentHash": "h3j/QfmFN4S0w4C2A6X7arXij/M/OVw3uQHSOFxnND4DyAzO1F9eMX7Eti7lU/OkSthEE0WzRsfT/Dmx86jzCw=="
      },
      "MonoGame.Extended": {
        "type": "Transitive",
        "resolved": "6.0.0",
        "contentHash": "NifmYJFKtP8lJD3RPlUHX9gqn5eKTLNI8nMxeS0zUtW2owbhna4NXK+yQaJ0rKwvGLdSMtA6u7m5vYjBeG2+pw=="
      },
      "MonoGame.Library.OpenAL": {
        "type": "Transitive",
        "resolved": "1.24.3.4",
        "contentHash": "/FhE0hblY9owGPvIHnMbH+6kXtjfl+/t3Cm776RQiZnGyxGy2Qd9pTAzclLuMO8pvtjiGLYkkRwjRciUA4XFyQ=="
      },
      "MonoGame.Library.SDL": {
        "type": "Transitive",
        "resolved": "2.32.10.2",
        "contentHash": "mtnmWr50KgH2Ui9fPscHPMI3sXgb5NBRnPS7igi4ViJ23ROdP+MLi/j9CmLWX47KuXvI3Bp5BElCDVwRUlswgg=="
      },
      "NVorbis": {
        "type": "Transitive",
        "resolved": "0.10.5",
        "contentHash": "o+IptCG4Avze39HrGeztC+xIp6fOOwGVAwkoa1J++4Ji1WmZ+KIKlFl5wsgxsXqBkmdpfs/vFSUproiLKYa2bw=="
      },
      "SharpCompress": {
        "type": "Transitive",
        "resolved": "0.48.0",
        "contentHash": "6k0Sa9gf85Sz9Npy7jnn5UPerejrAa3FxU9Gq5T6PwFWHUhUIdF903TjPiJtrYjXFJsXbnccaWSNMHzEg27DwQ=="
      },
      "StbImageSharp": {
        "type": "Transitive",
        "resolved": "2.30.15",
        "contentHash": "7QqbupVhz2kcFUPTgMw4iHR9rYDHGundzzee19Mwmd1typ2Lnv8EVJcLJxlkeBM2+4ex0NwsMtdbGSJctp1XCQ=="
      },
      "StbImageWriteSharp": {
        "type": "Transitive",
        "resolved": "1.16.7",
        "contentHash": "NF9kOxi0iS9VunklnRKgOpAWC2knCGKRjdy7RT6XAqYNyb7LQfyPHPdl4l1fJw7TFYKrGQzQOmK1XpBONC2MoA=="
      },
      "StbTrueTypeSharp": {
        "type": "Transitive",
        "resolved": "1.26.12",
        "contentHash": "hCc6/OsfcPa5VsLECcEU2m78WOshBrKwK42nAodSm9Z5wH68f7n66SoiRLCdGCkDaqbWz2TlX4zYHIjogj1HJA=="
      },
      "System.Data.DataSetExtensions": {
        "type": "Transitive",
        "resolved": "4.5.0",
        "contentHash": "221clPs1445HkTBZPL+K9sDBdJRB8UN8rgjO3ztB0CQ26z//fmJXtlsr6whGatscsKGBrhJl5bwJuKSA8mwFOw=="
      },
      "TextCopy": {
        "type": "Transitive",
        "resolved": "6.2.1",
        "contentHash": "ryejViUBmHQ2XMie2AiRBn7KVKu2Gh/hqrctGSAUf1BufwfPjr+MWuACNBaiG+40TMbWRDJZgV73Tpl9hggeRw==",
        "dependencies": {
          "Microsoft.Extensions.DependencyInjection.Abstractions": "7.0.0"
        }
      }
    }
  }
}